// !$*UTF8*$!
{
	archiveVersion = 1;
	classes = {
	};
	objectVersion = 48;
	objects = {

/* Begin PBXBuildFile section */
		CE3A5FC4202C3938005A6D5C /* AppDelegate.swift in Sources */ = {isa = PBXBuildFile; fileRef = CE3A5FC3202C3938005A6D5C /* AppDelegate.swift */; };
		CE3A5FC6202C3938005A6D5C /* ViewController.swift in Sources */ = {isa = PBXBuildFile; fileRef = CE3A5FC5202C3938005A6D5C /* ViewController.swift */; };
		CE3A5FC8202C3938005A6D5C /* Assets.xcassets in Resources */ = {isa = PBXBuildFile; fileRef = CE3A5FC7202C3938005A6D5C /* Assets.xcassets */; };
		CE3A5FCB202C3938005A6D5C /* Main.storyboard in Resources */ = {isa = PBXBuildFile; fileRef = CE3A5FC9202C3938005A6D5C /* Main.storyboard */; };
		CE3A5FD4202C394F005A6D5C /* DesktopPanel.swift in Sources */ = {isa = PBXBuildFile; fileRef = CE3A5FD3202C394F005A6D5C /* DesktopPanel.swift */; };
		CE3A5FD6202C44B5005A6D5C /* calendar.pdf in Resources */ = {isa = PBXBuildFile; fileRef = CE3A5FD5202C44B5005A6D5C /* calendar.pdf */; };
		CE3A5FD8202C4FF5005A6D5C /* windowController.swift in Sources */ = {isa = PBXBuildFile; fileRef = CE3A5FD7202C4FF5005A6D5C /* windowController.swift */; };
/* End PBXBuildFile section */

/* Begin PBXFileReference section */
		CE3A5FC0202C3938005A6D5C /* TuringCalendar.app */ = {isa = PBXFileReference; explicitFileType = wrapper.application; includeInIndex = 0; path = TuringCalendar.app; sourceTree = BUILT_PRODUCTS_DIR; };
		CE3A5FC3202C3938005A6D5C /* AppDelegate.swift */ = {isa = PBXFileReference; lastKnownFileType = sourcecode.swift; path = AppDelegate.swift; sourceTree = "<group>"; };
		CE3A5FC5202C3938005A6D5C /* ViewController.swift */ = {isa = PBXFileReference; lastKnownFileType = sourcecode.swift; path = ViewController.swift; sourceTree = "<group>"; };
		CE3A5FC7202C3938005A6D5C /* Assets.xcassets */ = {isa = PBXFileReference; lastKnownFileType = folder.assetcatalog; path = Assets.xcassets; sourceTree = "<group>"; };
		CE3A5FCA202C3938005A6D5C /* Base */ = {isa = PBXFileReference; lastKnownFileType = file.storyboard; name = Base; path = Base.lproj/Main.storyboard; sourceTree = "<group>"; };
		CE3A5FCC202C3938005A6D5C /* Info.plist */ = {isa = PBXFileReference; lastKnownFileType = text.plist.xml; path = Info.plist; sourceTree = "<group>"; };
		CE3A5FCD202C3938005A6D5C /* TuringCalendar.entitlements */ = {isa = PBXFileReference; lastKnownFileType = text.plist.entitlements; path = TuringCalendar.entitlements; sourceTree = "<group>"; };
		CE3A5FD3202C394F005A6D5C /* DesktopPanel.swift */ = {isa = PBXFileReference; lastKnownFileType = sourcecode.swift; path = DesktopPanel.swift; sourceTree = "<group>"; };
		CE3A5FD5202C44B5005A6D5C /* calendar.pdf */ = {isa = PBXFileReference; lastKnownFileType = image.pdf; path = calendar.pdf; sourceTree = "<group>"; };
		CE3A5FD7202C4FF5005A6D5C /* windowController.swift */ = {isa = PBXFileReference; lastKnownFileType = sourcecode.swift; path = windowController.swift; sourceTree = "<group>"; };
/* End PBXFileReference section */

/* Begin PBXFrameworksBuildPhase section */
		CE3A5FBD202C3938005A6D5C /* Frameworks */ = {
			isa = PBXFrameworksBuildPhase;
			buildActionMask = 2147483647;
			files = (
			);
			runOnlyForDeploymentPostprocessing = 0;
		};
/* End PBXFrameworksBuildPhase section */

/* Begin PBXGroup section */
		CE3A5FB7202C3938005A6D5C = {
			isa = PBXGroup;
			children = (
				CE3A5FC2202C3938005A6D5C /* TuringCalendar */,
				CE3A5FC1202C3938005A6D5C /* Products */,
			);
			sourceTree = "<group>";
		};
		CE3A5FC1202C3938005A6D5C /* Products */ = {
			isa = PBXGroup;
			children = (
				CE3A5FC0202C3938005A6D5C /* TuringCalendar.app */,
			);
			name = Products;
			sourceTree = "<group>";
		};
		CE3A5FC2202C3938005A6D5C /* TuringCalendar */ = {
			isa = PBXGroup;
			children = (
				CE3A5FD5202C44B5005A6D5C /* calendar.pdf */,
				CE3A5FC3202C3938005A6D5C /* AppDelegate.swift */,
				CE3A5FC5202C3938005A6D5C /* ViewController.swift */,
				CE3A5FC7202C3938005A6D5C /* Assets.xcassets */,
				CE3A5FC9202C3938005A6D5C /* Main.storyboard */,
				CE3A5FCC202C3938005A6D5C /* Info.plist */,
				CE3A5FCD202C3938005A6D5C /* TuringCalendar.entitlements */,
				CE3A5FD3202C394F005A6D5C /* DesktopPanel.swift */,
				CE3A5FD7202C4FF5005A6D5C /* windowController.swift */,
			);
			path = TuringCalendar;
			sourceTree = "<group>";
		};
/* End PBXGroup section */

/* Begin PBXNativeTarget section */
		CE3A5FBF202C3938005A6D5C /* TuringCalendar */ = {
			isa = PBXNativeTarget;
			buildConfigurationList = CE3A5FD0202C3938005A6D5C /* Build configuration list for PBXNativeTarget "TuringCalendar" */;
			buildPhases = (
				CE3A5FBC202C3938005A6D5C /* Sources */,
				CE3A5FBD202C3938005A6D5C /* Frameworks */,
				CE3A5FBE202C3938005A6D5C /* Resources */,
			);
			buildRules = (
			);
			dependencies = (
			);
			name = TuringCalendar;
			productName = TuringCalendar;
			productReference = CE3A5FC0202C3938005A6D5C /* TuringCalendar.app */;
			productType = "com.apple.product-type.application";
		};
/* End PBXNativeTarget section */

/* Begin PBXProject section */
		CE3A5FB8202C3938005A6D5C /* Project object */ = {
			isa = PBXProject;
			attributes = {
				LastSwiftUpdateCheck = 0920;
				LastUpgradeCheck = 0920;
				ORGANIZATIONNAME = "Chih-Hao";
				TargetAttributes = {
					CE3A5FBF202C3938005A6D5C = {
						CreatedOnToolsVersion = 9.2;
						ProvisioningStyle = Automatic;
						SystemCapabilities = {
							com.apple.Sandbox = {
								enabled = 1;
							};
						};
					};
				};
			};
			buildConfigurationList = CE3A5FBB202C3938005A6D5C /* Build configuration list for PBXProject "TuringCalendar" */;
			compatibilityVersion = "Xcode 8.0";
			developmentRegion = en;
			hasScannedForEncodings = 0;
			knownRegions = (
				en,
				Base,
			);
			mainGroup = CE3A5FB7202C3938005A6D5C;
			productRefGroup = CE3A5FC1202C3938005A6D5C /* Products */;
			projectDirPath = "";
			projectRoot = "";
			targets = (
				CE3A5FBF202C3938005A6D5C /* TuringCalendar */,
			);
		};
/* End PBXProject section */

/* Begin PBXResourcesBuildPhase section */
		CE3A5FBE202C3938005A6D5C /* Resources */ = {
			isa = PBXResourcesBuildPhase;
			buildActionMask = 2147483647;
			files = (
				CE3A5FC8202C3938005A6D5C /* Assets.xcassets in Resources */,
				CE3A5FD6202C44B5005A6D5C /* calendar.pdf in Resources */,
				CE3A5FCB202C3938005A6D5C /* Main.storyboard in Resources */,
			);
			runOnlyForDeploymentPostprocessing = 0;
		};
/* End PBXResourcesBuildPhase section */

/* Begin PBXSourcesBuildPhase section */
		CE3A5FBC202C3938005A6D5C /* Sources */ = {
			isa = PBXSourcesBuildPhase;
			buildActionMask = 2147483647;
			files = (
				CE3A5FD4202C394F005A6D5C /* DesktopPanel.swift in Sources */,
				CE3A5FD8202C4FF5005A6D5C /* windowController.swift in Sources */,
				CE3A5FC6202C3938005A6D5C /* ViewController.swift in Sources */,
				CE3A5FC4202C3938005A6D5C /* AppDelegate.swift in Sources */,
			);
			runOnlyForDeploymentPostprocessing = 0;
		};
/* End PBXSourcesBuildPhase section */

/* Begin PBXVariantGroup section */
		CE3A5FC9202C3938005A6D5C /* Main.storyboard */ = {
			isa = PBXVariantGroup;
			children = (
				CE3A5FCA202C3938005A6D5C /* Base */,
			);
			name = Main.storyboard;
			sourceTree = "<group>";
		};
/* End PBXVariantGroup section */

/* Begin XCBuildConfiguration section */
		CE3A5FCE202C3938005A6D5C /* Debug */ = {
			isa = XCBuildConfiguration;
			buildSettings = {
				ALWAYS_SEARCH_USER_PATHS = NO;
				CLANG_ANALYZER_NONNULL = YES;
				CLANG_ANALYZER_NUMBER_OBJECT_CONVERSION = YES_AGGRESSIVE;
				CLANG_CXX_LANGUAGE_STANDARD = "gnu++14";
				CLANG_CXX_LIBRARY = "libc++";
				CLANG_ENABLE_MODULES = YES;
				CLANG_ENABLE_OBJC_ARC = YES;
				CLANG_WARN_BLOCK_CAPTURE_AUTORELEASING = YES;
				CLANG_WARN_BOOL_CONVERSION = YES;
				CLANG_WARN_COMMA = YES;
				CLANG_WARN_CONSTANT_CONVERSION = YES;
				CLANG_WARN_DIRECT_OBJC_ISA_USAGE = YES_ERROR;
				CLANG_WARN_DOCUMENTATION_COMMENTS = YES;
				CLANG_WARN_EMPTY_BODY = YES;
				CLANG_WARN_ENUM_CONVERSION = YES;
				CLANG_WARN_INFINITE_RECURSION = YES;
				CLANG_WARN_INT_CONVERSION = YES;
				CLANG_WARN_NON_LITERAL_NULL_CONVERSION = YES;
				CLANG_WARN_OBJC_LITERAL_CONVERSION = YES;
				CLANG_WARN_OBJC_ROOT_CLASS = YES_ERROR;
				CLANG_WARN_RANGE_LOOP_ANALYSIS = YES;
				CLANG_WARN_STRICT_PROTOTYPES = YES;
				CLANG_WARN_SUSPICIOUS_MOVE = YES;
				CLANG_WARN_UNGUARDED_AVAILABILITY = YES_AGGRESSIVE;
				CLANG_WARN_UNREACHABLE_CODE = YES;
				CLANG_WARN__DUPLICATE_METHOD_MATCH = YES;
				CODE_SIGN_IDENTITY = "Mac Developer";
				COPY_PHASE_STRIP = NO;
				DEBUG_INFORMATION_FORMAT = dwarf;
				ENABLE_STRICT_OBJC_MSGSEND = YES;
				ENABLE_TESTABILITY = YES;
				GCC_C_LANGUAGE_STANDARD = gnu11;
				GCC_DYNAMIC_NO_PIC = NO;
				GCC_NO_COMMON_BLOCKS = YES;
				GCC_OPTIMIZATION_LEVEL = 0;
				GCC_PREPROCESSOR_DEFINITIONS = (
					"DEBUG=1",
					"$(inherited)",
				);
				GCC_WARN_64_TO_32_BIT_CONVERSION = YES;
				GCC_WARN_ABOUT_RETURN_TYPE = YES_ERROR;
				GCC_WARN_UNDECLARED_SELECTOR = YES;
				GCC_WARN_UNINITIALIZED_AUTOS = YES_AGGRESSIVE;
				GCC_WARN_UNUSED_FUNCTION = YES;
				GCC_WARN_UNUSED_VARIABLE = YES;
				MACOSX_DEPLOYMENT_TARGET = 10.13;
				MTL_ENABLE_DEBUG_INFO = YES;
				ONLY_ACTIVE_ARCH = YES;
				SDKROOT = macosx;
				SWIFT_ACTIVE_COMPILATION_CONDITIONS = DEBUG;
				SWIFT_OPTIMIZATION_LEVEL = "-Onone";
			};
			name = Debug;
		};
		CE3A5FCF202C3938005A6D5C /* Release */ = {
			isa = XCBuildConfiguration;
			buildSettings = {
				ALWAYS_SEARCH_USER_PATHS = NO;
				CLANG_ANALYZER_NONNULL = YES;
				CLANG_ANALYZER_NUMBER_OBJECT_CONVERSION = YES_AGGRESSIVE;
				CLANG_CXX_LANGUAGE_STANDARD = "gnu++14";
				CLANG_CXX_LIBRARY = "libc++";
				CLANG_ENABLE_MODULES = YES;
				CLANG_ENABLE_OBJC_ARC = YES;
				CLANG_WARN_BLOCK_CAPTURE_AUTORELEASING = YES;
				CLANG_WARN_BOOL_CONVERSION = YES;
				CLANG_WARN_COMMA = YES;
				CLANG_WARN_CONSTANT_CONVERSION = YES;
				CLANG_WARN_DIRECT_OBJC_ISA_USAGE = YES_ERROR;
				CLANG_WARN_DOCUMENTATION_COMMENTS = YES;
				CLANG_WARN_EMPTY_BODY = YES;
				CLANG_WARN_ENUM_CONVERSION = YES;
				CLANG_WARN_INFINITE_RECURSION = YES;
				CLANG_WARN_INT_CONVERSION = YES;
				CLANG_WARN_NON_LITERAL_NULL_CONVERSION = YES;
				CLANG_WARN_OBJC_LITERAL_CONVERSION = YES;
				CLANG_WARN_OBJC_ROOT_CLASS = YES_ERROR;
				CLANG_WARN_RANGE_LOOP_ANALYSIS = YES;
				CLANG_WARN_STRICT_PROTOTYPES = YES;
				CLANG_WARN_SUSPICIOUS_MOVE = YES;
				CLANG_WARN_UNGUARDED_AVAILABILITY = YES_AGGRESSIVE;
				CLANG_WARN_UNREACHABLE_CODE = YES;
				CLANG_WARN__DUPLICATE_METHOD_MATCH = YES;
				CODE_SIGN_IDENTITY = "Mac Developer";
				COPY_PHASE_STRIP = NO;
				DEBUG_INFORMATION_FORMAT = "dwarf-with-dsym";
				ENABLE_NS_ASSERTIONS = NO;
				ENABLE_STRICT_OBJC_MSGSEND = YES;
				GCC_C_LANGUAGE_STANDARD = gnu11;
				GCC_NO_COMMON_BLOCKS = YES;
				GCC_WARN_64_TO_32_BIT_CONVERSION = YES;
				GCC_WARN_ABOUT_RETURN_TYPE = YES_ERROR;
				GCC_WARN_UNDECLARED_SELECTOR = YES;
				GCC_WARN_UNINITIALIZED_AUTOS = YES_AGGRESSIVE;
				GCC_WARN_UNUSED_FUNCTION = YES;
				GCC_WARN_UNUSED_VARIABLE = YES;
				MACOSX_DEPLOYMENT_TARGET = 10.13;
				MTL_ENABLE_DEBUG_INFO = NO;
				SDKROOT = macosx;
				SWIFT_OPTIMIZATION_LEVEL = "-Owholemodule";
			};
			name = Release;
		};
		CE3A5FD1202C3938005A6D5C /* Debug */ = {
			isa = XCBuildConfiguration;
			buildSettings = {
				ASSETCATALOG_COMPILER_APPICON_NAME = AppIcon;
				CODE_SIGN_ENTITLEMENTS = TuringCalendar/TuringCalendar.entitlements;
				CODE_SIGN_IDENTITY = "Mac Developer";
				CODE_SIGN_STYLE = Automatic;
				COMBINE_HIDPI_IMAGES = YES;
				DEVELOPMENT_TEAM = P48TU896KM;
				INFOPLIST_FILE = TuringCalendar/Info.plist;
				LD_RUNPATH_SEARCH_PATHS = "$(inherited) @executable_path/../Frameworks";
				MACOSX_DEPLOYMENT_TARGET = 10.10;
				PRODUCT_BUNDLE_IDENTIFIER = zhihao.fudan.TuringCalendarAPP;
				PRODUCT_NAME = "$(TARGET_NAME)";
				PROVISIONING_PROFILE_SPECIFIER = "";
				SWIFT_VERSION = 4.0;
			};
			name = Debug;
		};
		CE3A5FD2202C3938005A6D5C /* Release */ = {
			isa = XCBuildConfiguration;
			buildSettings = {
				ASSETCATALOG_COMPILER_APPICON_NAME = AppIcon;
				CODE_SIGN_ENTITLEMENTS = TuringCalendar/TuringCalendar.entitlements;
				CODE_SIGN_IDENTITY = "Mac Developer";
				CODE_SIGN_STYLE = Automatic;
				COMBINE_HIDPI_IMAGES = YES;
				DEVELOPMENT_TEAM = P48TU896KM;
				INFOPLIST_FILE = TuringCalendar/Info.plist;
				LD_RUNPATH_SEARCH_PATHS = "$(inherited) @executable_path/../Frameworks";
				MACOSX_DEPLOYMENT_TARGET = 10.10;
				PRODUCT_BUNDLE_IDENTIFIER = zhihao.fudan.TuringCalendarAPP;
				PRODUCT_NAME = "$(TARGET_NAME)";
				PROVISIONING_PROFILE_SPECIFIER = "";
				SWIFT_VERSION = 4.0;
			};
			name = Release;
		};
/* End XCBuildConfiguration section */

/* Begin XCConfigurationList section */
		CE3A5FBB202C3938005A6D5C /* Build configuration list for PBXProject "TuringCalendar" */ = {
			isa = XCConfigurationList;
			buildConfigurations = (
				CE3A5FCE202C3938005A6D5C /* Debug */,
				CE3A5FCF202C3938005A6D5C /* Release */,
			);
			defaultConfigurationIsVisible = 0;
			defaultConfigurationName = Release;
		};
		CE3A5FD0202C3938005A6D5C /* Build configuration list for PBXNativeTarget "TuringCalendar" */ = {
			isa = XCConfigurationList;
			buildConfigurations = (
				CE3A5FD1202C3938005A6D5C /* Debug */,
				CE3A5FD2202C3938005A6D5C /* Release */,
			);
			defaultConfigurationIsVisible = 0;
			defaultConfigurationName = Release;
		};
/* End XCConfigurationList section */
	};
	rootObject = CE3A5FB8202C3938005A6D5C /* Project object */;
}
